// !$*UTF8*$!
{
	archiveVersion = 1;
	classes = {
	};
	objectVersion = 46;
	objects = {

/* Begin PBXBuildFile section */
		2AA09FFF1AD58B710044C71D /* main.swift in Sources */ = {isa = PBXBuildFile; fileRef = 2AA09FFE1AD58B710044C71D /* main.swift */; };
		2AA0A0061AD58B7E0044C71D /* ReallyBigInt.swift in Sources */ = {isa = PBXBuildFile; fileRef = 2AA0A0051AD58B7E0044C71D /* ReallyBigInt.swift */; };
/* End PBXBuildFile section */

/* Begin PBXCopyFilesBuildPhase section */
		2AA09FF91AD58B710044C71D /* CopyFiles */ = {
			isa = PBXCopyFilesBuildPhase;
			buildActionMask = 2147483647;
			dstPath = /usr/share/man/man1/;
			dstSubfolderSpec = 0;
			files = (
			);
			runOnlyForDeploymentPostprocessing = 1;
		};
/* End PBXCopyFilesBuildPhase section */

/* Begin PBXFileReference section */
		2AA09FFB1AD58B710044C71D /* ReallyBigInt */ = {isa = PBXFileReference; explicitFileType = "compiled.mach-o.executable"; includeInIndex = 0; path = ReallyBigInt; sourceTree = BUILT_PRODUCTS_DIR; };
		2AA09FFE1AD58B710044C71D /* main.swift */ = {isa = PBXFileReference; lastKnownFileType = sourcecode.swift; path = main.swift; sourceTree = "<group>"; };
		2AA0A0051AD58B7E0044C71D /* ReallyBigInt.swift */ = {isa = PBXFileReference; fileEncoding = 4; lastKnownFileType = sourcecode.swift; path = ReallyBigInt.swift; sourceTree = "<group>"; };
/* End PBXFileReference section */

/* Begin PBXFrameworksBuildPhase section */
		2AA09FF81AD58B710044C71D /* Frameworks */ = {
			isa = PBXFrameworksBuildPhase;
			buildActionMask = 2147483647;
			files = (
			);
			runOnlyForDeploymentPostprocessing = 0;
		};
/* End PBXFrameworksBuildPhase section */

/* Begin PBXGroup section */
		2AA09FF21AD58B710044C71D = {
			isa = PBXGroup;
			children = (
				2AA09FFD1AD58B710044C71D /* ReallyBigInt */,
				2AA09FFC1AD58B710044C71D /* Products */,
			);
			sourceTree = "<group>";
		};
		2AA09FFC1AD58B710044C71D /* Products */ = {
			isa = PBXGroup;
			children = (
				2AA09FFB1AD58B710044C71D /* ReallyBigInt */,
			);
			name = Products;
			sourceTree = "<group>";
		};
		2AA09FFD1AD58B710044C71D /* ReallyBigInt */ = {
			isa = PBXGroup;
			children = (
				2AA09FFE1AD58B710044C71D /* main.swift */,
				2AA0A0051AD58B7E0044C71D /* ReallyBigInt.swift */,
			);
			path = ReallyBigInt;
			sourceTree = "<group>";
		};
/* End PBXGroup section */

/* Begin PBXNativeTarget section */
		2AA09FFA1AD58B710044C71D /* ReallyBigInt */ = {
			isa = PBXNativeTarget;
			buildConfigurationList = 2AA0A0021AD58B710044C71D /* Build configuration list for PBXNativeTarget "ReallyBigInt" */;
			buildPhases = (
				2AA09FF71AD58B710044C71D /* Sources */,
				2AA09FF81AD58B710044C71D /* Frameworks */,
				2AA09FF91AD58B710044C71D /* CopyFiles */,
			);
			buildRules = (
			);
			dependencies = (
			);
			name = ReallyBigInt;
			productName = ReallyBigInt;
			productReference = 2AA09FFB1AD58B710044C71D /* ReallyBigInt */;
			productType = "com.apple.product-type.tool";
		};
/* End PBXNativeTarget section */

/* Begin PBXProject section */
		2AA09FF31AD58B710044C71D /* Project object */ = {
			isa = PBXProject;
			attributes = {
				LastUpgradeCheck = 0620;
				ORGANIZATIONNAME = Runemark;
				TargetAttributes = {
					2AA09FFA1AD58B710044C71D = {
						CreatedOnToolsVersion = 6.2;
					};
				};
			};
			buildConfigurationList = 2AA09FF61AD58B710044C71D /* Build configuration list for PBXProject "ReallyBigInt" */;
			compatibilityVersion = "Xcode 3.2";
			developmentRegion = English;
			hasScannedForEncodings = 0;
			knownRegions = (
				en,
			);
			mainGroup = 2AA09FF21AD58B710044C71D;
			productRefGroup = 2AA09FFC1AD58B710044C71D /* Products */;
			projectDirPath = "";
			projectRoot = "";
			targets = (
				2AA09FFA1AD58B710044C71D /* ReallyBigInt */,
			);
		};
/* End PBXProject section */

/* Begin PBXSourcesBuildPhase section */
		2AA09FF71AD58B710044C71D /* Sources */ = {
			isa = PBXSourcesBuildPhase;
			buildActionMask = 2147483647;
			files = (
				2AA09FFF1AD58B710044C71D /* main.swift in Sources */,
				2AA0A0061AD58B7E0044C71D /* ReallyBigInt.swift in Sources */,
			);
			runOnlyForDeploymentPostprocessing = 0;
		};
/* End PBXSourcesBuildPhase section */

/* Begin XCBuildConfiguration section */
		2AA0A0001AD58B710044C71D /* Debug */ = {
			isa = XCBuildConfiguration;
			buildSettings = {
				ALWAYS_SEARCH_USER_PATHS = NO;
				CLANG_CXX_LANGUAGE_STANDARD = "gnu++0x";
				CLANG_CXX_LIBRARY = "libc++";
				CLANG_ENABLE_MODULES = YES;
				CLANG_ENABLE_OBJC_ARC = YES;
				CLANG_WARN_BOOL_CONVERSION = YES;
				CLANG_WARN_CONSTANT_CONVERSION = YES;
				CLANG_WARN_DIRECT_OBJC_ISA_USAGE = YES_ERROR;
				CLANG_WARN_EMPTY_BODY = YES;
				CLANG_WARN_ENUM_CONVERSION = YES;
				CLANG_WARN_INT_CONVERSION = YES;
				CLANG_WARN_OBJC_ROOT_CLASS = YES_ERROR;
				CLANG_WARN_UNREACHABLE_CODE = YES;
				CLANG_WARN__DUPLICATE_METHOD_MATCH = YES;
				COPY_PHASE_STRIP = NO;
				ENABLE_STRICT_OBJC_MSGSEND = YES;
				GCC_C_LANGUAGE_STANDARD = gnu99;
				GCC_DYNAMIC_NO_PIC = NO;
				GCC_OPTIMIZATION_LEVEL = 0;
				GCC_PREPROCESSOR_DEFINITIONS = (
					"DEBUG=1",
					"$(inherited)",
				);
				GCC_SYMBOLS_PRIVATE_EXTERN = NO;
				GCC_WARN_64_TO_32_BIT_CONVERSION = YES;
				GCC_WARN_ABOUT_RETURN_TYPE = YES_ERROR;
				GCC_WARN_UNDECLARED_SELECTOR = YES;
				GCC_WARN_UNINITIALIZED_AUTOS = YES_AGGRESSIVE;
				GCC_WARN_UNUSED_FUNCTION = YES;
				GCC_WARN_UNUSED_VARIABLE = YES;
				MACOSX_DEPLOYMENT_TARGET = 10.10;
				MTL_ENABLE_DEBUG_INFO = YES;
				ONLY_ACTIVE_ARCH = YES;
				SDKROOT = macosx;
				SWIFT_OPTIMIZATION_LEVEL = "-Onone";
			};
			name = Debug;
		};
		2AA0A0011AD58B710044C71D /* Release */ = {
			isa = XCBuildConfiguration;
			buildSettings = {
				ALWAYS_SEARCH_USER_PATHS = NO;
				CLANG_CXX_LANGUAGE_STANDARD = "gnu++0x";
				CLANG_CXX_LIBRARY = "libc++";
				CLANG_ENABLE_MODULES = YES;
				CLANG_ENABLE_OBJC_ARC = YES;
				CLANG_WARN_BOOL_CONVERSION = YES;
				CLANG_WARN_CONSTANT_CONVERSION = YES;
				CLANG_WARN_DIRECT_OBJC_ISA_USAGE = YES_ERROR;
				CLANG_WARN_EMPTY_BODY = YES;
				CLANG_WARN_ENUM_CONVERSION = YES;
				CLANG_WARN_INT_CONVERSION = YES;
				CLANG_WARN_OBJC_ROOT_CLASS = YES_ERROR;
				CLANG_WARN_UNREACHABLE_CODE = YES;
				CLANG_WARN__DUPLICATE_METHOD_MATCH = YES;
				COPY_PHASE_STRIP = NO;
				DEBUG_INFORMATION_FORMAT = "dwarf-with-dsym";
				ENABLE_NS_ASSERTIONS = NO;
				ENABLE_STRICT_OBJC_MSGSEND = YES;
				GCC_C_LANGUAGE_STANDARD = gnu99;
				GCC_WARN_64_TO_32_BIT_CONVERSION = YES;
				GCC_WARN_ABOUT_RETURN_TYPE = YES_ERROR;
				GCC_WARN_UNDECLARED_SELECTOR = YES;
				GCC_WARN_UNINITIALIZED_AUTOS = YES_AGGRESSIVE;
				GCC_WARN_UNUSED_FUNCTION = YES;
				GCC_WARN_UNUSED_VARIABLE = YES;
				MACOSX_DEPLOYMENT_TARGET = 10.10;
				MTL_ENABLE_DEBUG_INFO = NO;
				SDKROOT = macosx;
			};
			name = Release;
		};
		2AA0A0031AD58B710044C71D /* Debug */ = {
			isa = XCBuildConfiguration;
			buildSettings = {
				PRODUCT_NAME = "$(TARGET_NAME)";
			};
			name = Debug;
		};
		2AA0A0041AD58B710044C71D /* Release */ = {
			isa = XCBuildConfiguration;
			buildSettings = {
				PRODUCT_NAME = "$(TARGET_NAME)";
			};
			name = Release;
		};
/* End XCBuildConfiguration section */

/* Begin XCConfigurationList section */
		2AA09FF61AD58B710044C71D /* Build configuration list for PBXProject "ReallyBigInt" */ = {
			isa = XCConfigurationList;
			buildConfigurations = (
				2AA0A0001AD58B710044C71D /* Debug */,
				2AA0A0011AD58B710044C71D /* Release */,
			);
			defaultConfigurationIsVisible = 0;
			defaultConfigurationName = Release;
		};
		2AA0A0021AD58B710044C71D /* Build configuration list for PBXNativeTarget "ReallyBigInt" */ = {
			isa = XCConfigurationList;
			buildConfigurations = (
				2AA0A0031AD58B710044C71D /* Debug */,
				2AA0A0041AD58B710044C71D /* Release */,
			);
			defaultConfigurationIsVisible = 0;
		};
/* End XCConfigurationList section */
	};
	rootObject = 2AA09FF31AD58B710044C71D /* Project object */;
}
